<?xml version="1.0" encoding="utf-8"?>
<Project ToolsVersion="4.0" xmlns="http://schemas.microsoft.com/developer/msbuild/2003">
  <ItemGroup>
    <Filter Include="win32">
      <UniqueIdentifier>{84a8ebd7-7cf0-47f6-b75e-d441df67da40}</UniqueIdentifier>
    </Filter>
    <Filter Include="resource">
      <UniqueIdentifier>{715254bc-d70b-4ec5-bf29-467dd3ace079}</UniqueIdentifier>
    </Filter>
    <Filter Include="src">
      <UniqueIdentifier>{bb6c862e-70e9-49d9-81b7-3829a6f50471}</UniqueIdentifier>
    </Filter>
  </ItemGroup>
  <ItemGroup>
    <ClCompile Include="main.cpp">
      <Filter>win32</Filter>
    </ClCompile>
    <ClCompile Include="..\Classes\HelloWorldScene.cpp" />
    <ClCompile Include="..\Classes\AppDelegate.cpp" />
    <ClCompile Include="..\Classes\LevelSelectLayer.cpp" />
    <ClCompile Include="..\Classes\LoginScene.cpp" />
    <ClCompile Include="..\Classes\MapConfigMgr.cpp" />
    <ClCompile Include="..\Classes\MapLayer.cpp" />
    <ClCompile Include="..\Classes\ResourceMgr.cpp" />
    <ClCompile Include="..\Classes\SceneMgr.cpp" />
    <ClCompile Include="..\Classes\SelectScene.cpp" />
    <ClCompile Include="..\Classes\WorldScene.cpp" />
  </ItemGroup>
  <ItemGroup>
    <ClInclude Include="main.h">
      <Filter>win32</Filter>
    </ClInclude>
    <ClInclude Include="..\Classes\HelloWorldScene.h" />
    <ClInclude Include="..\Classes\AppDelegate.h" />
    <ClInclude Include="..\Classes\Defines.h" />
    <ClInclude Include="..\Classes\GameSceneBase.h" />
    <ClInclude Include="..\Classes\LevelSelectLayer.h" />
    <ClInclude Include="..\Classes\LoginScene.h" />
    <ClInclude Include="..\Classes\MapConfigMgr.h" />
    <ClInclude Include="..\Classes\MapLayer.h" />
    <ClInclude Include="..\Classes\ResourceMgr.h" />
    <ClInclude Include="..\Classes\SceneMgr.h" />
    <ClInclude Include="..\Classes\SelectScene.h" />
    <ClInclude Include="..\Classes\singleton.h" />
    <ClInclude Include="..\Classes\stdafx.h" />
    <ClInclude Include="..\Classes\WorldScene.h" />
  </ItemGroup>
  <ItemGroup>
    <ResourceCompile Include="game.rc">
      <Filter>resource</Filter>
    </ResourceCompile>
  </ItemGroup>
</Project>